# THIS IS AN AUTOGENERATED FILE. DO NOT EDIT THIS FILE DIRECTLY.
# yarn lockfile v1


desandro-matches-selector@^2.0.0:
  version "2.0.2"
  resolved "https://registry.yarnpkg.com/desandro-matches-selector/-/desandro-matches-selector-2.0.2.tgz#717beed4dc13e7d8f3762f707a6d58a6774218e1"

ev-emitter@^1.1.0:
  version "1.1.1"
  resolved "https://registry.yarnpkg.com/ev-emitter/-/ev-emitter-1.1.1.tgz#8f18b0ce5c76a5d18017f71c0a795c65b9138f2a"

fizzy-ui-utils@^2.0.5:
  version "2.0.5"
  resolved "https://registry.yarnpkg.com/fizzy-ui-utils/-/fizzy-ui-utils-2.0.5.tgz#d72debc74d2c9d272dbcbb7b001707897f6c3210"
  dependencies:
    desandro-matches-selector "^2.0.0"

fullcalendar@^3.8.0:
  version "3.8.0"
  resolved "https://registry.yarnpkg.com/fullcalendar/-/fullcalendar-3.8.0.tgz#4c0fe494a62b0a8d640c6de8eb883b49a212b5dc"
  dependencies:
    jquery "2 - 3"
    moment "^2.9.0"

infinite-scroll@^3.0.3:
  version "3.0.3"
  resolved "https://registry.yarnpkg.com/infinite-scroll/-/infinite-scroll-3.0.3.tgz#1eda57793a8b797530ceed6fd34bf2849434a196"
  dependencies:
    ev-emitter "^1.1.0"
    fizzy-ui-utils "^2.0.5"

jquery-mousewheel@^3.1.13:
  version "3.1.13"
  resolved "https://registry.yarnpkg.com/jquery-mousewheel/-/jquery-mousewheel-3.1.13.tgz#06f0335f16e353a695e7206bf50503cb523a6ee5"

"jquery@2 - 3":
  version "3.2.1"
  resolved "https://registry.yarnpkg.com/jquery/-/jquery-3.2.1.tgz#5c4d9de652af6cd0a770154a631bba12b015c787"

moment@^2.9.0:
  version "2.20.1"
  resolved "https://registry.yarnpkg.com/moment/-/moment-2.20.1.tgz#d6eb1a46cbcc14a2b2f9434112c1ff8907f313fd"
